# This file is automatically @generated by Poetry 1.8.3 and should not be changed by hand.

[[package]]
name = "faker"
version = "40.5.1"
description = "Faker is a Python package that generates fake data for you."
optional = false
python-versions = ">=3.10"
files = [
    {file = "faker-40.5.1-py3-none-any.whl", hash = "sha256:c69640c1e13bad49b4bcebcbf1b52f9f1a872b6ea186c248ada34d798f1661bf"},
    {file = "faker-40.5.1.tar.gz", hash = "sha256:70222361cd82aa10cb86066d1a4e8f47f2bcdc919615c412045a69c4e6da0cd3"},
]

[package.dependencies]
tzdata = {version = "*", markers = "platform_system == \"Windows\""}

[package.extras]
tzdata = ["tzdata"]

[[package]]
name = "tzdata"
version = "2025.3"
description = "Provider of IANA time zone data"
optional = false
python-versions = ">=2"
files = [
    {file = "tzdata-2025.3-py2.py3-none-any.whl", hash = "sha256:06a47e5700f3081aab02b2e513160914ff0694bce9947d6b76ebd6bf57cfc5d1"},
    {file = "tzdata-2025.3.tar.gz", hash = "sha256:de39c2ca5dc7b0344f2eba86f49d614019d29f060fc4ebc8a417896a620b56a7"},
]

[metadata]
lock-version = "2.0"
python-versions = "^3.11"
content-hash = "6ae94bfe31aa8a5193ea915472cf503ff2f23861bee855a5dd76420cad8a6ae5"
